// !$*UTF8*$!
{
	archiveVersion = 1;
	classes = {
	};
	objectVersion = 48;
	objects = {

/* Begin PBXBuildFile section */
		D1DD4BD71F9EE4C300434A31 /* AppDelegate.swift in Sources */ = {isa = PBXBuildFile; fileRef = D1DD4BD61F9EE4C300434A31 /* AppDelegate.swift */; };
		D1DD4BD91F9EE4C300434A31 /* ViewController.swift in Sources */ = {isa = PBXBuildFile; fileRef = D1DD4BD81F9EE4C300434A31 /* ViewController.swift */; };
		D1DD4BDC1F9EE4C300434A31 /* Main.storyboard in Resources */ = {isa = PBXBuildFile; fileRef = D1DD4BDA1F9EE4C300434A31 /* Main.storyboard */; };
		D1DD4BDE1F9EE4C300434A31 /* Assets.xcassets in Resources */ = {isa = PBXBuildFile; fileRef = D1DD4BDD1F9EE4C300434A31 /* Assets.xcassets */; };
		D1DD4BE11F9EE4C300434A31 /* LaunchScreen.storyboard in Resources */ = {isa = PBXBuildFile; fileRef = D1DD4BDF1F9EE4C300434A31 /* LaunchScreen.storyboard */; };
		D1DD4BEC1F9EE4C300434A31 /* sampleActionSheetTests.swift in Sources */ = {isa = PBXBuildFile; fileRef = D1DD4BEB1F9EE4C300434A31 /* sampleActionSheetTests.swift */; };
		D1DD4BF71F9EE4C300434A31 /* sampleActionSheetUITests.swift in Sources */ = {isa = PBXBuildFile; fileRef = D1DD4BF61F9EE4C300434A31 /* sampleActionSheetUITests.swift */; };
/* End PBXBuildFile section */

/* Begin PBXContainerItemProxy section */
		D1DD4BE81F9EE4C300434A31 /* PBXContainerItemProxy */ = {
			isa = PBXContainerItemProxy;
			containerPortal = D1DD4BCB1F9EE4C300434A31 /* Project object */;
			proxyType = 1;
			remoteGlobalIDString = D1DD4BD21F9EE4C300434A31;
			remoteInfo = sampleActionSheet;
		};
		D1DD4BF31F9EE4C300434A31 /* PBXContainerItemProxy */ = {
			isa = PBXContainerItemProxy;
			containerPortal = D1DD4BCB1F9EE4C300434A31 /* Project object */;
			proxyType = 1;
			remoteGlobalIDString = D1DD4BD21F9EE4C300434A31;
			remoteInfo = sampleActionSheet;
		};
/* End PBXContainerItemProxy section */

/* Begin PBXFileReference section */
		D1DD4BD31F9EE4C300434A31 /* sampleActionSheet.app */ = {isa = PBXFileReference; explicitFileType = wrapper.application; includeInIndex = 0; path = sampleActionSheet.app; sourceTree = BUILT_PRODUCTS_DIR; };
		D1DD4BD61F9EE4C300434A31 /* AppDelegate.swift */ = {isa = PBXFileReference; lastKnownFileType = sourcecode.swift; path = AppDelegate.swift; sourceTree = "<group>"; };
		D1DD4BD81F9EE4C300434A31 /* ViewController.swift */ = {isa = PBXFileReference; lastKnownFileType = sourcecode.swift; path = ViewController.swift; sourceTree = "<group>"; };
		D1DD4BDB1F9EE4C300434A31 /* Base */ = {isa = PBXFileReference; lastKnownFileType = file.storyboard; name = Base; path = Base.lproj/Main.storyboard; sourceTree = "<group>"; };
		D1DD4BDD1F9EE4C300434A31 /* Assets.xcassets */ = {isa = PBXFileReference; lastKnownFileType = folder.assetcatalog; path = Assets.xcassets; sourceTree = "<group>"; };
		D1DD4BE01F9EE4C300434A31 /* Base */ = {isa = PBXFileReference; lastKnownFileType = file.storyboard; name = Base; path = Base.lproj/LaunchScreen.storyboard; sourceTree = "<group>"; };
		D1DD4BE21F9EE4C300434A31 /* Info.plist */ = {isa = PBXFileReference; lastKnownFileType = text.plist.xml; path = Info.plist; sourceTree = "<group>"; };
		D1DD4BE71F9EE4C300434A31 /* sampleActionSheetTests.xctest */ = {isa = PBXFileReference; explicitFileType = wrapper.cfbundle; includeInIndex = 0; path = sampleActionSheetTests.xctest; sourceTree = BUILT_PRODUCTS_DIR; };
		D1DD4BEB1F9EE4C300434A31 /* sampleActionSheetTests.swift */ = {isa = PBXFileReference; lastKnownFileType = sourcecode.swift; path = sampleActionSheetTests.swift; sourceTree = "<group>"; };
		D1DD4BED1F9EE4C300434A31 /* Info.plist */ = {isa = PBXFileReference; lastKnownFileType = text.plist.xml; path = Info.plist; sourceTree = "<group>"; };
		D1DD4BF21F9EE4C300434A31 /* sampleActionSheetUITests.xctest */ = {isa = PBXFileReference; explicitFileType = wrapper.cfbundle; includeInIndex = 0; path = sampleActionSheetUITests.xctest; sourceTree = BUILT_PRODUCTS_DIR; };
		D1DD4BF61F9EE4C300434A31 /* sampleActionSheetUITests.swift */ = {isa = PBXFileReference; lastKnownFileType = sourcecode.swift; path = sampleActionSheetUITests.swift; sourceTree = "<group>"; };
		D1DD4BF81F9EE4C300434A31 /* Info.plist */ = {isa = PBXFileReference; lastKnownFileType = text.plist.xml; path = Info.plist; sourceTree = "<group>"; };
/* End PBXFileReference section */

/* Begin PBXFrameworksBuildPhase section */
		D1DD4BD01F9EE4C300434A31 /* Frameworks */ = {
			isa = PBXFrameworksBuildPhase;
			buildActionMask = 2147483647;
			files = (
			);
			runOnlyForDeploymentPostprocessing = 0;
		};
		D1DD4BE41F9EE4C300434A31 /* Frameworks */ = {
			isa = PBXFrameworksBuildPhase;
			buildActionMask = 2147483647;
			files = (
			);
			runOnlyForDeploymentPostprocessing = 0;
		};
		D1DD4BEF1F9EE4C300434A31 /* Frameworks */ = {
			isa = PBXFrameworksBuildPhase;
			buildActionMask = 2147483647;
			files = (
			);
			runOnlyForDeploymentPostprocessing = 0;
		};
/* End PBXFrameworksBuildPhase section */

/* Begin PBXGroup section */
		D1DD4BCA1F9EE4C300434A31 = {
			isa = PBXGroup;
			children = (
				D1DD4BD51F9EE4C300434A31 /* sampleActionSheet */,
				D1DD4BEA1F9EE4C300434A31 /* sampleActionSheetTests */,
				D1DD4BF51F9EE4C300434A31 /* sampleActionSheetUITests */,
				D1DD4BD41F9EE4C300434A31 /* Products */,
			);
			sourceTree = "<group>";
		};
		D1DD4BD41F9EE4C300434A31 /* Products */ = {
			isa = PBXGroup;
			children = (
				D1DD4BD31F9EE4C300434A31 /* sampleActionSheet.app */,
				D1DD4BE71F9EE4C300434A31 /* sampleActionSheetTests.xctest */,
				D1DD4BF21F9EE4C300434A31 /* sampleActionSheetUITests.xctest */,
			);
			name = Products;
			sourceTree = "<group>";
		};
		D1DD4BD51F9EE4C300434A31 /* sampleActionSheet */ = {
			isa = PBXGroup;
			children = (
				D1DD4BD61F9EE4C300434A31 /* AppDelegate.swift */,
				D1DD4BD81F9EE4C300434A31 /* ViewController.swift */,
				D1DD4BDA1F9EE4C300434A31 /* Main.storyboard */,
				D1DD4BDD1F9EE4C300434A31 /* Assets.xcassets */,
				D1DD4BDF1F9EE4C300434A31 /* LaunchScreen.storyboard */,
				D1DD4BE21F9EE4C300434A31 /* Info.plist */,
			);
			path = sampleActionSheet;
			sourceTree = "<group>";
		};
		D1DD4BEA1F9EE4C300434A31 /* sampleActionSheetTests */ = {
			isa = PBXGroup;
			children = (
				D1DD4BEB1F9EE4C300434A31 /* sampleActionSheetTests.swift */,
				D1DD4BED1F9EE4C300434A31 /* Info.plist */,
			);
			path = sampleActionSheetTests;
			sourceTree = "<group>";
		};
		D1DD4BF51F9EE4C300434A31 /* sampleActionSheetUITests */ = {
			isa = PBXGroup;
			children = (
				D1DD4BF61F9EE4C300434A31 /* sampleActionSheetUITests.swift */,
				D1DD4BF81F9EE4C300434A31 /* Info.plist */,
			);
			path = sampleActionSheetUITests;
			sourceTree = "<group>";
		};
/* End PBXGroup section */

/* Begin PBXNativeTarget section */
		D1DD4BD21F9EE4C300434A31 /* sampleActionSheet */ = {
			isa = PBXNativeTarget;
			buildConfigurationList = D1DD4BFB1F9EE4C300434A31 /* Build configuration list for PBXNativeTarget "sampleActionSheet" */;
			buildPhases = (
				D1DD4BCF1F9EE4C300434A31 /* Sources */,
				D1DD4BD01F9EE4C300434A31 /* Frameworks */,
				D1DD4BD11F9EE4C300434A31 /* Resources */,
			);
			buildRules = (
			);
			dependencies = (
			);
			name = sampleActionSheet;
			productName = sampleActionSheet;
			productReference = D1DD4BD31F9EE4C300434A31 /* sampleActionSheet.app */;
			productType = "com.apple.product-type.application";
		};
		D1DD4BE61F9EE4C300434A31 /* sampleActionSheetTests */ = {
			isa = PBXNativeTarget;
			buildConfigurationList = D1DD4BFE1F9EE4C300434A31 /* Build configuration list for PBXNativeTarget "sampleActionSheetTests" */;
			buildPhases = (
				D1DD4BE31F9EE4C300434A31 /* Sources */,
				D1DD4BE41F9EE4C300434A31 /* Frameworks */,
				D1DD4BE51F9EE4C300434A31 /* Resources */,
			);
			buildRules = (
			);
			dependencies = (
				D1DD4BE91F9EE4C300434A31 /* PBXTargetDependency */,
			);
			name = sampleActionSheetTests;
			productName = sampleActionSheetTests;
			productReference = D1DD4BE71F9EE4C300434A31 /* sampleActionSheetTests.xctest */;
			productType = "com.apple.product-type.bundle.unit-test";
		};
		D1DD4BF11F9EE4C300434A31 /* sampleActionSheetUITests */ = {
			isa = PBXNativeTarget;
			buildConfigurationList = D1DD4C011F9EE4C300434A31 /* Build configuration list for PBXNativeTarget "sampleActionSheetUITests" */;
			buildPhases = (
				D1DD4BEE1F9EE4C300434A31 /* Sources */,
				D1DD4BEF1F9EE4C300434A31 /* Frameworks */,
				D1DD4BF01F9EE4C300434A31 /* Resources */,
			);
			buildRules = (
			);
			dependencies = (
				D1DD4BF41F9EE4C300434A31 /* PBXTargetDependency */,
			);
			name = sampleActionSheetUITests;
			productName = sampleActionSheetUITests;
			productReference = D1DD4BF21F9EE4C300434A31 /* sampleActionSheetUITests.xctest */;
			productType = "com.apple.product-type.bundle.ui-testing";
		};
/* End PBXNativeTarget section */

/* Begin PBXProject section */
		D1DD4BCB1F9EE4C300434A31 /* Project object */ = {
			isa = PBXProject;
			attributes = {
				LastSwiftUpdateCheck = 0900;
				LastUpgradeCheck = 0900;
				ORGANIZATIONNAME = "Yoshitomo Kobatashi";
				TargetAttributes = {
					D1DD4BD21F9EE4C300434A31 = {
						CreatedOnToolsVersion = 9.0.1;
						ProvisioningStyle = Automatic;
					};
					D1DD4BE61F9EE4C300434A31 = {
						CreatedOnToolsVersion = 9.0.1;
						ProvisioningStyle = Automatic;
						TestTargetID = D1DD4BD21F9EE4C300434A31;
					};
					D1DD4BF11F9EE4C300434A31 = {
						CreatedOnToolsVersion = 9.0.1;
						ProvisioningStyle = Automatic;
						TestTargetID = D1DD4BD21F9EE4C300434A31;
					};
				};
			};
			buildConfigurationList = D1DD4BCE1F9EE4C300434A31 /* Build configuration list for PBXProject "sampleActionSheet" */;
			compatibilityVersion = "Xcode 8.0";
			developmentRegion = en;
			hasScannedForEncodings = 0;
			knownRegions = (
				en,
				Base,
			);
			mainGroup = D1DD4BCA1F9EE4C300434A31;
			productRefGroup = D1DD4BD41F9EE4C300434A31 /* Products */;
			projectDirPath = "";
			projectRoot = "";
			targets = (
				D1DD4BD21F9EE4C300434A31 /* sampleActionSheet */,
				D1DD4BE61F9EE4C300434A31 /* sampleActionSheetTests */,
				D1DD4BF11F9EE4C300434A31 /* sampleActionSheetUITests */,
			);
		};
/* End PBXProject section */

/* Begin PBXResourcesBuildPhase section */
		D1DD4BD11F9EE4C300434A31 /* Resources */ = {
			isa = PBXResourcesBuildPhase;
			buildActionMask = 2147483647;
			files = (
				D1DD4BE11F9EE4C300434A31 /* LaunchScreen.storyboard in Resources */,
				D1DD4BDE1F9EE4C300434A31 /* Assets.xcassets in Resources */,
				D1DD4BDC1F9EE4C300434A31 /* Main.storyboard in Resources */,
			);
			runOnlyForDeploymentPostprocessing = 0;
		};
		D1DD4BE51F9EE4C300434A31 /* Resources */ = {
			isa = PBXResourcesBuildPhase;
			buildActionMask = 2147483647;
			files = (
			);
			runOnlyForDeploymentPostprocessing = 0;
		};
		D1DD4BF01F9EE4C300434A31 /* Resources */ = {
			isa = PBXResourcesBuildPhase;
			buildActionMask = 2147483647;
			files = (
			);
			runOnlyForDeploymentPostprocessing = 0;
		};
/* End PBXResourcesBuildPhase section */

/* Begin PBXSourcesBuildPhase section */
		D1DD4BCF1F9EE4C300434A31 /* Sources */ = {
			isa = PBXSourcesBuildPhase;
			buildActionMask = 2147483647;
			files = (
				D1DD4BD91F9EE4C300434A31 /* ViewController.swift in Sources */,
				D1DD4BD71F9EE4C300434A31 /* AppDelegate.swift in Sources */,
			);
			runOnlyForDeploymentPostprocessing = 0;
		};
		D1DD4BE31F9EE4C300434A31 /* Sources */ = {
			isa = PBXSourcesBuildPhase;
			buildActionMask = 2147483647;
			files = (
				D1DD4BEC1F9EE4C300434A31 /* sampleActionSheetTests.swift in Sources */,
			);
			runOnlyForDeploymentPostprocessing = 0;
		};
		D1DD4BEE1F9EE4C300434A31 /* Sources */ = {
			isa = PBXSourcesBuildPhase;
			buildActionMask = 2147483647;
			files = (
				D1DD4BF71F9EE4C300434A31 /* sampleActionSheetUITests.swift in Sources */,
			);
			runOnlyForDeploymentPostprocessing = 0;
		};
/* End PBXSourcesBuildPhase section */

/* Begin PBXTargetDependency section */
		D1DD4BE91F9EE4C300434A31 /* PBXTargetDependency */ = {
			isa = PBXTargetDependency;
			target = D1DD4BD21F9EE4C300434A31 /* sampleActionSheet */;
			targetProxy = D1DD4BE81F9EE4C300434A31 /* PBXContainerItemProxy */;
		};
		D1DD4BF41F9EE4C300434A31 /* PBXTargetDependency */ = {
			isa = PBXTargetDependency;
			target = D1DD4BD21F9EE4C300434A31 /* sampleActionSheet */;
			targetProxy = D1DD4BF31F9EE4C300434A31 /* PBXContainerItemProxy */;
		};
/* End PBXTargetDependency section */

/* Begin PBXVariantGroup section */
		D1DD4BDA1F9EE4C300434A31 /* Main.storyboard */ = {
			isa = PBXVariantGroup;
			children = (
				D1DD4BDB1F9EE4C300434A31 /* Base */,
			);
			name = Main.storyboard;
			sourceTree = "<group>";
		};
		D1DD4BDF1F9EE4C300434A31 /* LaunchScreen.storyboard */ = {
			isa = PBXVariantGroup;
			children = (
				D1DD4BE01F9EE4C300434A31 /* Base */,
			);
			name = LaunchScreen.storyboard;
			sourceTree = "<group>";
		};
/* End PBXVariantGroup section */

/* Begin XCBuildConfiguration section */
		D1DD4BF91F9EE4C300434A31 /* Debug */ = {
			isa = XCBuildConfiguration;
			buildSettings = {
				ALWAYS_SEARCH_USER_PATHS = NO;
				CLANG_ANALYZER_NONNULL = YES;
				CLANG_ANALYZER_NUMBER_OBJECT_CONVERSION = YES_AGGRESSIVE;
				CLANG_CXX_LANGUAGE_STANDARD = "gnu++14";
				CLANG_CXX_LIBRARY = "libc++";
				CLANG_ENABLE_MODULES = YES;
				CLANG_ENABLE_OBJC_ARC = YES;
				CLANG_WARN_BLOCK_CAPTURE_AUTORELEASING = YES;
				CLANG_WARN_BOOL_CONVERSION = YES;
				CLANG_WARN_COMMA = YES;
				CLANG_WARN_CONSTANT_CONVERSION = YES;
				CLANG_WARN_DIRECT_OBJC_ISA_USAGE = YES_ERROR;
				CLANG_WARN_DOCUMENTATION_COMMENTS = YES;
				CLANG_WARN_EMPTY_BODY = YES;
				CLANG_WARN_ENUM_CONVERSION = YES;
				CLANG_WARN_INFINITE_RECURSION = YES;
				CLANG_WARN_INT_CONVERSION = YES;
				CLANG_WARN_NON_LITERAL_NULL_CONVERSION = YES;
				CLANG_WARN_OBJC_LITERAL_CONVERSION = YES;
				CLANG_WARN_OBJC_ROOT_CLASS = YES_ERROR;
				CLANG_WARN_RANGE_LOOP_ANALYSIS = YES;
				CLANG_WARN_STRICT_PROTOTYPES = YES;
				CLANG_WARN_SUSPICIOUS_MOVE = YES;
				CLANG_WARN_UNGUARDED_AVAILABILITY = YES_AGGRESSIVE;
				CLANG_WARN_UNREACHABLE_CODE = YES;
				CLANG_WARN__DUPLICATE_METHOD_MATCH = YES;
				CODE_SIGN_IDENTITY = "iPhone Developer";
				COPY_PHASE_STRIP = NO;
				DEBUG_INFORMATION_FORMAT = dwarf;
				ENABLE_STRICT_OBJC_MSGSEND = YES;
				ENABLE_TESTABILITY = YES;
				GCC_C_LANGUAGE_STANDARD = gnu11;
				GCC_DYNAMIC_NO_PIC = NO;
				GCC_NO_COMMON_BLOCKS = YES;
				GCC_OPTIMIZATION_LEVEL = 0;
				GCC_PREPROCESSOR_DEFINITIONS = (
					"DEBUG=1",
					"$(inherited)",
				);
				GCC_WARN_64_TO_32_BIT_CONVERSION = YES;
				GCC_WARN_ABOUT_RETURN_TYPE = YES_ERROR;
				GCC_WARN_UNDECLARED_SELECTOR = YES;
				GCC_WARN_UNINITIALIZED_AUTOS = YES_AGGRESSIVE;
				GCC_WARN_UNUSED_FUNCTION = YES;
				GCC_WARN_UNUSED_VARIABLE = YES;
				IPHONEOS_DEPLOYMENT_TARGET = 11.0;
				MTL_ENABLE_DEBUG_INFO = YES;
				ONLY_ACTIVE_ARCH = YES;
				SDKROOT = iphoneos;
				SWIFT_ACTIVE_COMPILATION_CONDITIONS = DEBUG;
				SWIFT_OPTIMIZATION_LEVEL = "-Onone";
			};
			name = Debug;
		};
		D1DD4BFA1F9EE4C300434A31 /* Release */ = {
			isa = XCBuildConfiguration;
			buildSettings = {
				ALWAYS_SEARCH_USER_PATHS = NO;
				CLANG_ANALYZER_NONNULL = YES;
				CLANG_ANALYZER_NUMBER_OBJECT_CONVERSION = YES_AGGRESSIVE;
				CLANG_CXX_LANGUAGE_STANDARD = "gnu++14";
				CLANG_CXX_LIBRARY = "libc++";
				CLANG_ENABLE_MODULES = YES;
				CLANG_ENABLE_OBJC_ARC = YES;
				CLANG_WARN_BLOCK_CAPTURE_AUTORELEASING = YES;
				CLANG_WARN_BOOL_CONVERSION = YES;
				CLANG_WARN_COMMA = YES;
				CLANG_WARN_CONSTANT_CONVERSION = YES;
				CLANG_WARN_DIRECT_OBJC_ISA_USAGE = YES_ERROR;
				CLANG_WARN_DOCUMENTATION_COMMENTS = YES;
				CLANG_WARN_EMPTY_BODY = YES;
				CLANG_WARN_ENUM_CONVERSION = YES;
				CLANG_WARN_INFINITE_RECURSION = YES;
				CLANG_WARN_INT_CONVERSION = YES;
				CLANG_WARN_NON_LITERAL_NULL_CONVERSION = YES;
				CLANG_WARN_OBJC_LITERAL_CONVERSION = YES;
				CLANG_WARN_OBJC_ROOT_CLASS = YES_ERROR;
				CLANG_WARN_RANGE_LOOP_ANALYSIS = YES;
				CLANG_WARN_STRICT_PROTOTYPES = YES;
				CLANG_WARN_SUSPICIOUS_MOVE = YES;
				CLANG_WARN_UNGUARDED_AVAILABILITY = YES_AGGRESSIVE;
				CLANG_WARN_UNREACHABLE_CODE = YES;
				CLANG_WARN__DUPLICATE_METHOD_MATCH = YES;
				CODE_SIGN_IDENTITY = "iPhone Developer";
				COPY_PHASE_STRIP = NO;
				DEBUG_INFORMATION_FORMAT = "dwarf-with-dsym";
				ENABLE_NS_ASSERTIONS = NO;
				ENABLE_STRICT_OBJC_MSGSEND = YES;
				GCC_C_LANGUAGE_STANDARD = gnu11;
				GCC_NO_COMMON_BLOCKS = YES;
				GCC_WARN_64_TO_32_BIT_CONVERSION = YES;
				GCC_WARN_ABOUT_RETURN_TYPE = YES_ERROR;
				GCC_WARN_UNDECLARED_SELECTOR = YES;
				GCC_WARN_UNINITIALIZED_AUTOS = YES_AGGRESSIVE;
				GCC_WARN_UNUSED_FUNCTION = YES;
				GCC_WARN_UNUSED_VARIABLE = YES;
				IPHONEOS_DEPLOYMENT_TARGET = 11.0;
				MTL_ENABLE_DEBUG_INFO = NO;
				SDKROOT = iphoneos;
				SWIFT_OPTIMIZATION_LEVEL = "-Owholemodule";
				VALIDATE_PRODUCT = YES;
			};
			name = Release;
		};
		D1DD4BFC1F9EE4C300434A31 /* Debug */ = {
			isa = XCBuildConfiguration;
			buildSettings = {
				ASSETCATALOG_COMPILER_APPICON_NAME = AppIcon;
				CODE_SIGN_STYLE = Automatic;
				INFOPLIST_FILE = sampleActionSheet/Info.plist;
				LD_RUNPATH_SEARCH_PATHS = "$(inherited) @executable_path/Frameworks";
				PRODUCT_BUNDLE_IDENTIFIER = "life-of.sampleActionSheet";
				PRODUCT_NAME = "$(TARGET_NAME)";
				SWIFT_VERSION = 4.0;
				TARGETED_DEVICE_FAMILY = "1,2";
			};
			name = Debug;
		};
		D1DD4BFD1F9EE4C300434A31 /* Release */ = {
			isa = XCBuildConfiguration;
			buildSettings = {
				ASSETCATALOG_COMPILER_APPICON_NAME = AppIcon;
				CODE_SIGN_STYLE = Automatic;
				INFOPLIST_FILE = sampleActionSheet/Info.plist;
				LD_RUNPATH_SEARCH_PATHS = "$(inherited) @executable_path/Frameworks";
				PRODUCT_BUNDLE_IDENTIFIER = "life-of.sampleActionSheet";
				PRODUCT_NAME = "$(TARGET_NAME)";
				SWIFT_VERSION = 4.0;
				TARGETED_DEVICE_FAMILY = "1,2";
			};
			name = Release;
		};
		D1DD4BFF1F9EE4C300434A31 /* Debug */ = {
			isa = XCBuildConfiguration;
			buildSettings = {
				ALWAYS_EMBED_SWIFT_STANDARD_LIBRARIES = YES;
				BUNDLE_LOADER = "$(TEST_HOST)";
				CODE_SIGN_STYLE = Automatic;
				INFOPLIST_FILE = sampleActionSheetTests/Info.plist;
				LD_RUNPATH_SEARCH_PATHS = "$(inherited) @executable_path/Frameworks @loader_path/Frameworks";
				PRODUCT_BUNDLE_IDENTIFIER = "life-of.sampleActionSheetTests";
				PRODUCT_NAME = "$(TARGET_NAME)";
				SWIFT_VERSION = 4.0;
				TARGETED_DEVICE_FAMILY = "1,2";
				TEST_HOST = "$(BUILT_PRODUCTS_DIR)/sampleActionSheet.app/sampleActionSheet";
			};
			name = Debug;
		};
		D1DD4C001F9EE4C300434A31 /* Release */ = {
			isa = XCBuildConfiguration;
			buildSettings = {
				ALWAYS_EMBED_SWIFT_STANDARD_LIBRARIES = YES;
				BUNDLE_LOADER = "$(TEST_HOST)";
				CODE_SIGN_STYLE = Automatic;
				INFOPLIST_FILE = sampleActionSheetTests/Info.plist;
				LD_RUNPATH_SEARCH_PATHS = "$(inherited) @executable_path/Frameworks @loader_path/Frameworks";
				PRODUCT_BUNDLE_IDENTIFIER = "life-of.sampleActionSheetTests";
				PRODUCT_NAME = "$(TARGET_NAME)";
				SWIFT_VERSION = 4.0;
				TARGETED_DEVICE_FAMILY = "1,2";
				TEST_HOST = "$(BUILT_PRODUCTS_DIR)/sampleActionSheet.app/sampleActionSheet";
			};
			name = Release;
		};
		D1DD4C021F9EE4C300434A31 /* Debug */ = {
			isa = XCBuildConfiguration;
			buildSettings = {
				ALWAYS_EMBED_SWIFT_STANDARD_LIBRARIES = YES;
				CODE_SIGN_STYLE = Automatic;
				INFOPLIST_FILE = sampleActionSheetUITests/Info.plist;
				LD_RUNPATH_SEARCH_PATHS = "$(inherited) @executable_path/Frameworks @loader_path/Frameworks";
				PRODUCT_BUNDLE_IDENTIFIER = "life-of.sampleActionSheetUITests";
				PRODUCT_NAME = "$(TARGET_NAME)";
				SWIFT_VERSION = 4.0;
				TARGETED_DEVICE_FAMILY = "1,2";
				TEST_TARGET_NAME = sampleActionSheet;
			};
			name = Debug;
		};
		D1DD4C031F9EE4C300434A31 /* Release */ = {
			isa = XCBuildConfiguration;
			buildSettings = {
				ALWAYS_EMBED_SWIFT_STANDARD_LIBRARIES = YES;
				CODE_SIGN_STYLE = Automatic;
				INFOPLIST_FILE = sampleActionSheetUITests/Info.plist;
				LD_RUNPATH_SEARCH_PATHS = "$(inherited) @executable_path/Frameworks @loader_path/Frameworks";
				PRODUCT_BUNDLE_IDENTIFIER = "life-of.sampleActionSheetUITests";
				PRODUCT_NAME = "$(TARGET_NAME)";
				SWIFT_VERSION = 4.0;
				TARGETED_DEVICE_FAMILY = "1,2";
				TEST_TARGET_NAME = sampleActionSheet;
			};
			name = Release;
		};
/* End XCBuildConfiguration section */

/* Begin XCConfigurationList section */
		D1DD4BCE1F9EE4C300434A31 /* Build configuration list for PBXProject "sampleActionSheet" */ = {
			isa = XCConfigurationList;
			buildConfigurations = (
				D1DD4BF91F9EE4C300434A31 /* Debug */,
				D1DD4BFA1F9EE4C300434A31 /* Release */,
			);
			defaultConfigurationIsVisible = 0;
			defaultConfigurationName = Release;
		};
		D1DD4BFB1F9EE4C300434A31 /* Build configuration list for PBXNativeTarget "sampleActionSheet" */ = {
			isa = XCConfigurationList;
			buildConfigurations = (
				D1DD4BFC1F9EE4C300434A31 /* Debug */,
				D1DD4BFD1F9EE4C300434A31 /* Release */,
			);
			defaultConfigurationIsVisible = 0;
			defaultConfigurationName = Release;
		};
		D1DD4BFE1F9EE4C300434A31 /* Build configuration list for PBXNativeTarget "sampleActionSheetTests" */ = {
			isa = XCConfigurationList;
			buildConfigurations = (
				D1DD4BFF1F9EE4C300434A31 /* Debug */,
				D1DD4C001F9EE4C300434A31 /* Release */,
			);
			defaultConfigurationIsVisible = 0;
			defaultConfigurationName = Release;
		};
		D1DD4C011F9EE4C300434A31 /* Build configuration list for PBXNativeTarget "sampleActionSheetUITests" */ = {
			isa = XCConfigurationList;
			buildConfigurations = (
				D1DD4C021F9EE4C300434A31 /* Debug */,
				D1DD4C031F9EE4C300434A31 /* Release */,
			);
			defaultConfigurationIsVisible = 0;
			defaultConfigurationName = Release;
		};
/* End XCConfigurationList section */
	};
	rootObject = D1DD4BCB1F9EE4C300434A31 /* Project object */;
}
